
Microsoft Visual Studio Solution File, Format Version 12.00
# Visual Studio Version 17
VisualStudioVersion = 17.2.32630.192
MinimumVisualStudioVersion = 10.0.40219.1
Project("{9A19103F-16F7-4668-BE54-9A1E7A4F7556}") = "EMISGroupConsoleApp", "EMISGroupConsoleApp.csproj", "{3DB40F5B-E55D-4FC3-88FB-0907EC201378}"
EndProject
Project("{FAE04EC0-301F-11D3-BF4B-00C04F79EFBC}") = "EMISUnitTestProject", "..\EMISUnitTestProject\EMISUnitTestProject.csproj", "{0865001D-DD52-4AEF-BA44-F3F90ECFAB71}"
EndProject
Global
	GlobalSection(SolutionConfigurationPlatforms) = preSolution
		Debug|Any CPU = Debug|Any CPU
		Release|Any CPU = Release|Any CPU
	EndGlobalSection
	GlobalSection(ProjectConfigurationPlatforms) = postSolution
		{3DB40F5B-E55D-4FC3-88FB-0907EC201378}.Debug|Any CPU.ActiveCfg = Debug|Any CPU
		{3DB40F5B-E55D-4FC3-88FB-0907EC201378}.Debug|Any CPU.Build.0 = Debug|Any CPU
		{3DB40F5B-E55D-4FC3-88FB-0907EC201378}.Release|Any CPU.ActiveCfg = Release|Any CPU
		{3DB40F5B-E55D-4FC3-88FB-0907EC201378}.Release|Any CPU.Build.0 = Release|Any CPU
		{0865001D-DD52-4AEF-BA44-F3F90ECFAB71}.Debug|Any CPU.ActiveCfg = Debug|Any CPU
		{0865001D-DD52-4AEF-BA44-F3F90ECFAB71}.Debug|Any CPU.Build.0 = Debug|Any CPU
		{0865001D-DD52-4AEF-BA44-F3F90ECFAB71}.Release|Any CPU.ActiveCfg = Release|Any CPU
		{0865001D-DD52-4AEF-BA44-F3F90ECFAB71}.Release|Any CPU.Build.0 = Release|Any CPU
	EndGlobalSection
	GlobalSection(SolutionProperties) = preSolution
		HideSolutionNode = FALSE
	EndGlobalSection
	GlobalSection(ExtensibilityGlobals) = postSolution
		SolutionGuid = {DB6BEDB0-648F-46DB-B2BA-4C032664EB49}
	EndGlobalSection
EndGlobal
